lockfileVersion: '9.0'

settings:
  autoInstallPeers: true
  excludeLinksFromLockfile: false

importers:

  .:
    dependencies:
      '@danielx/civet':
        specifier: ^0.9.6
        version: 0.9.6(typescript@5.7.3)
      '@swc/core':
        specifier: ^1.10.18
        version: 1.10.18
    devDependencies:
      '@dashkite/amen':
        specifier: ^0.2.0
        version: 0.2.2
      '@dashkite/amen-console':
        specifier: ^0.0.2
        version: 0.0.2
      '@dashkite/assert':
        specifier: ^0.1.4
        version: 0.1.4
      '@dashkite/genie':
        specifier: link:../genie
        version: link:../genie
      '@dashkite/genie-clean':
        specifier: link:../genie-clean
        version: link:../genie-clean
      '@dashkite/genie-coffee':
        specifier: link:../genie-coffee
        version: link:../genie-coffee
      '@dashkite/genie-release':
        specifier: ^0.2.1
        version: 0.2.1

packages:

  '@cspotcode/source-map-support@0.8.1':
    resolution: {integrity: sha512-IchNf6dN4tHoMFIn/7OE8LWZ19Y6q/67Bmf6vnGREv8RSbBVb9LPJxEcnwrcwX6ixSvaiGoomAUvu4YSxXrVgw==}
    engines: {node: '>=12'}

  '@danielx/civet@0.9.6':
    resolution: {integrity: sha512-fQZ2gjJ3UbaIdXc12xckOEVnQcBWbgzMdmLJhYKUBQ5hYOH+5axCNmjcJF1MFENBugCq/Z1hkD8UKg71hKfj4g==}
    engines: {node: '>=19 || ^18.6.0 || ^16.17.0'}
    hasBin: true
    peerDependencies:
      typescript: ^4.5 || ^5.0
      yaml: ^2.4.5
    peerDependenciesMeta:
      yaml:
        optional: true

  '@dashkite/amen-console@0.0.2':
    resolution: {integrity: sha512-16xkmucNi9enIjXI3Khf54mdvDFG7+QSeB4/Xlh3AGKjPCwSQppV/DTVgaI5mkYcYO3b9v6RGrEGYvaji4ynVw==}

  '@dashkite/amen@0.2.2':
    resolution: {integrity: sha512-bJBbRiIcQaKBT2A+EOltZaZMqGCptPw7rfSnTsu1AiicYWrXwe41zwo2W0a079OpJTLsH9v2vnU20xMCP9mQqA==}

  '@dashkite/assert@0.1.4':
    resolution: {integrity: sha512-OLOzI/lA+EwCh6znSexGAG1V4bkaT5gU04xl6ApEluv5jICnHhinZ707MObu+jhVVJ9uHDDlG85O+Afn1aTQoQ==}

  '@dashkite/genie-release@0.2.1':
    resolution: {integrity: sha512-j4U8WyInBX82JunZPWy6kAFrrY9pd7GnsJbJpEuh/6w8HnHniEa5gRVDALOo9OD+eRclFYcrNFzXiHu54MZs8g==}

  '@dashkite/joy@0.3.16':
    resolution: {integrity: sha512-dsU0us4j1Pb+zceoBvLbnZ2PbmULkJUtM2vtWLxKmoc1DE4w9SVTiPTe6JWvF0A0vk90ldv+Lc9qEA5x3O+DtQ==}

  '@dashkite/zephyr@0.2.0':
    resolution: {integrity: sha512-l3Fm9nyOIp1yBnv4IzGOKVgo1/UucU5WLvsqAfcP2jEVlE4AgpPkODssyloxTyC3N+bhcz1DXqC/7KokI1eVjA==}

  '@jridgewell/resolve-uri@3.1.2':
    resolution: {integrity: sha512-bRISgCIjP20/tbWSPWMEi54QVPRZExkuD9lJL+UIxUKtwVJA8wW1Trb1jMs1RFXo1CBTNZ/5hpC9QvmKWdopKw==}
    engines: {node: '>=6.0.0'}

  '@jridgewell/sourcemap-codec@1.5.0':
    resolution: {integrity: sha512-gv3ZRaISU3fjPAgNsriBRqGWQL6quFx04YMPW/zD8XMLsU32mhCCbfbO6KZFLjvYpCZ8zyDEgqsgf+PwPaM7GQ==}

  '@jridgewell/trace-mapping@0.3.9':
    resolution: {integrity: sha512-3Belt6tdc8bPgAtbcmdtNJlirVoTmEb5e2gC94PnkwEW9jI6CAHUeoG85tjWP5WquqfavoMtMwiG4P926ZKKuQ==}

  '@swc/core-darwin-arm64@1.10.18':
    resolution: {integrity: sha512-FdGqzAIKVQJu8ROlnHElP59XAUsUzCFSNsou+tY/9ba+lhu8R9v0OI5wXiPErrKGZpQFMmx/BPqqhx3X4SuGNg==}
    engines: {node: '>=10'}
    cpu: [arm64]
    os: [darwin]

  '@swc/core-darwin-x64@1.10.18':
    resolution: {integrity: sha512-RZ73gZRituL/ZVLgrW6BYnQ5g8tuStG4cLUiPGJsUZpUm0ullSH6lHFvZTCBNFTfpQChG6eEhi2IdG6DwFp1lw==}
    engines: {node: '>=10'}
    cpu: [x64]
    os: [darwin]

  '@swc/core-linux-arm-gnueabihf@1.10.18':
    resolution: {integrity: sha512-8iJqI3EkxJuuq21UHoen1VS+QlS23RvynRuk95K+Q2HBjygetztCGGEc+Xelx9a0uPkDaaAtFvds4JMDqb9SAA==}
    engines: {node: '>=10'}
    cpu: [arm]
    os: [linux]

  '@swc/core-linux-arm64-gnu@1.10.18':
    resolution: {integrity: sha512-8f1kSktWzMB6PG+r8lOlCfXz5E8Qhsmfwonn77T/OfjvGwQaWrcoASh2cdjpk3dydbf8jsKGPQE1lSc7GyjXRQ==}
    engines: {node: '>=10'}
    cpu: [arm64]
    os: [linux]

  '@swc/core-linux-arm64-musl@1.10.18':
    resolution: {integrity: sha512-4rv+E4VLdgQw6zjbTAauCAEExxChvxMpBUMCiZweTNPKbJJ2dY6BX2WGJ1ea8+RcgqR/Xysj3AFbOz1LBz6dGA==}
    engines: {node: '>=10'}
    cpu: [arm64]
    os: [linux]

  '@swc/core-linux-x64-gnu@1.10.18':
    resolution: {integrity: sha512-vTNmyRBVP+sZca+vtwygYPGTNudTU6Gl6XhaZZ7cEUTBr8xvSTgEmYXoK/2uzyXpaTUI4Bmtp1x81cGN0mMoLQ==}
    engines: {node: '>=10'}
    cpu: [x64]
    os: [linux]

  '@swc/core-linux-x64-musl@1.10.18':
    resolution: {integrity: sha512-1TZPReKhFCeX776XaT6wegknfg+g3zODve+r4oslFHI+g7cInfWlxoGNDS3niPKyuafgCdOjme2g3OF+zzxfsQ==}
    engines: {node: '>=10'}
    cpu: [x64]
    os: [linux]

  '@swc/core-win32-arm64-msvc@1.10.18':
    resolution: {integrity: sha512-o/2CsaWSN3bkzVQ6DA+BiFKSVEYvhWGA1h+wnL2zWmIDs2Knag54sOEXZkCaf8YQyZesGeXJtPEy9hh/vjJgkA==}
    engines: {node: '>=10'}
    cpu: [arm64]
    os: [win32]

  '@swc/core-win32-ia32-msvc@1.10.18':
    resolution: {integrity: sha512-eTPASeJtk4mJDfWiYEiOC6OYUi/N7meHbNHcU8e+aKABonhXrIo/FmnTE8vsUtC6+jakT1TQBdiQ8fzJ1kJVwA==}
    engines: {node: '>=10'}
    cpu: [ia32]
    os: [win32]

  '@swc/core-win32-x64-msvc@1.10.18':
    resolution: {integrity: sha512-1Dud8CDBnc34wkBOboFBQud9YlV1bcIQtKSg7zC8LtwR3h+XAaCayZPkpGmmAlCv1DLQPvkF+s0JcaVC9mfffQ==}
    engines: {node: '>=10'}
    cpu: [x64]
    os: [win32]

  '@swc/core@1.10.18':
    resolution: {integrity: sha512-IUWKD6uQYGRy8w2X9EZrtYg1O3SCijlHbCXzMaHQYc1X7yjijQh4H3IVL9ssZZyVp2ZDfQZu4bD5DWxxvpyjvg==}
    engines: {node: '>=10'}
    peerDependencies:
      '@swc/helpers': '*'
    peerDependenciesMeta:
      '@swc/helpers':
        optional: true

  '@swc/counter@0.1.3':
    resolution: {integrity: sha512-e2BR4lsJkkRlKZ/qCHPw9ZaSxc0MVUd7gtbtaB7aMvHeJVYe8sOB8DBZkP2DtISHGSku9sCK6T6cnY0CtXrOCQ==}

  '@swc/types@0.1.17':
    resolution: {integrity: sha512-V5gRru+aD8YVyCOMAjMpWR1Ui577DD5KSJsHP8RAxopAH22jFz6GZd/qxqjO6MJHQhcsjvjOFXyDhyLQUnMveQ==}

  '@typescript/vfs@1.6.1':
    resolution: {integrity: sha512-JwoxboBh7Oz1v38tPbkrZ62ZXNHAk9bJ7c9x0eI5zBfBnBYGhURdbnh7Z4smN/MV48Y5OCcZb58n972UtbazsA==}
    peerDependencies:
      typescript: '*'

  acorn@8.14.0:
    resolution: {integrity: sha512-cl669nCJTZBsL97OF4kUQm5g5hC2uihk0NxY3WENAC0TYdILVkAyHymAntgxGkl7K+t0cXIrH5siy5S4XkFycA==}
    engines: {node: '>=0.4.0'}
    hasBin: true

  ansi-styles@4.3.0:
    resolution: {integrity: sha512-zbB9rCJAT1rbjiVDb2hqKFHNYLxgtk8NURxZ3IZwD3F6NtxbXZQCnnSi1Lkx+IDohdPlFp222wVALIheZJQSEg==}
    engines: {node: '>=8'}

  argparse@2.0.1:
    resolution: {integrity: sha512-8+9WqebbFzpX9OR+Wa6O29asIogeRMzcGtAINdpMHHyAg10f05aSFVBbcEqGf/PXw1EjAZ+q2/bEBg3DvurK3Q==}

  chalk@4.1.2:
    resolution: {integrity: sha512-oKnbhFyRIXpUuez8iBMmyEa4nbj4IOQyuhc/wy9kY7/WVPcwIO9VA668Pu8RkO7+0G76SLROeyw9CpQ061i4mA==}
    engines: {node: '>=10'}

  color-convert@2.0.1:
    resolution: {integrity: sha512-RRECPsj7iu/xb5oKYcsFHSppFNnsj/52OVTRKb4zP5onXwVF3zVmmToNcOfGC+CRDpfK/U584fMg38ZHCaElKQ==}
    engines: {node: '>=7.0.0'}

  color-name@1.1.4:
    resolution: {integrity: sha512-dOy+3AuW3a2wNbZHIuMZpTcgjGuLU/uBL/ubcZF9OXbDo8ff4O8yVp5Bf0efS8uEoYo5q4Fx7dY9OgQGXgAsQA==}

  debug@4.4.0:
    resolution: {integrity: sha512-6WTZ/IxCY/T6BALoZHaE4ctp9xm+Z5kY/pzYaCHRFeyVhojxlrm+46y68HA6hr0TcwEssoxNiDEUJQjfPZ/RYA==}
    engines: {node: '>=6.0'}
    peerDependencies:
      supports-color: '*'
    peerDependenciesMeta:
      supports-color:
        optional: true

  has-flag@4.0.0:
    resolution: {integrity: sha512-EykJT/Q1KjTWctppgIAgfSO0tKVuZUjhgMr17kqTumMl6Afv3EISleU7qZUzoXDFTAHTDC4NOoG/ZxU3EvlMPQ==}
    engines: {node: '>=8'}

  js-yaml@4.1.0:
    resolution: {integrity: sha512-wpxZs9NoxZaJESJGIZTyDEaYpl0FKSA+FB9aJiyemKhMwkxQg63h4T1KJgUGHpTqPDNRcmmYLugrRjJlBtWvRA==}
    hasBin: true

  ms@2.1.3:
    resolution: {integrity: sha512-6FlzubTLZG3J2a/NVCAleEhjzq5oxgHyaCU9yYXvcLsvoVaHJq/s5xXI6/XXP6tz7R9xAOtHnSO/tXtF3WRTlA==}

  supports-color@7.2.0:
    resolution: {integrity: sha512-qpCAvRl9stuOHveKsn7HncJRvv501qIacKzQlO/+Lwxc9+0q2wLyv4Dfvt80/DPn2pqOBsJdDiogXGR9+OvwRw==}
    engines: {node: '>=8'}

  typescript@5.7.3:
    resolution: {integrity: sha512-84MVSjMEHP+FQRPy3pX9sTVV/INIex71s9TL2Gm5FG/WG1SqXeKyZ0k7/blY/4FdOzI12CBy1vGc4og/eus0fw==}
    engines: {node: '>=14.17'}
    hasBin: true

  unplugin@2.2.0:
    resolution: {integrity: sha512-m1ekpSwuOT5hxkJeZGRxO7gXbXT3gF26NjQ7GdVHoLoF8/nopLcd/QfPigpCy7i51oFHiRJg/CyHhj4vs2+KGw==}
    engines: {node: '>=18.12.0'}

  webpack-virtual-modules@0.6.2:
    resolution: {integrity: sha512-66/V2i5hQanC51vBQKPH4aI8NMAcBW59FVBs+rC7eGHupMyfn34q7rZIE+ETlJ+XTevqfUhVVBgSUNSW2flEUQ==}

  zx@8.6.1:
    resolution: {integrity: sha512-ig4Gn2e3L9QaQq3OsyDyGKvXFiq7wYvLCPmFJgcneHsr5vTeJefe0SXtDE7qaur9ysv7giAc0CmEtQcS71UA5Q==}
    engines: {node: '>= 12.17.0'}
    hasBin: true

snapshots:

  '@cspotcode/source-map-support@0.8.1':
    dependencies:
      '@jridgewell/trace-mapping': 0.3.9

  '@danielx/civet@0.9.6(typescript@5.7.3)':
    dependencies:
      '@cspotcode/source-map-support': 0.8.1
      '@typescript/vfs': 1.6.1(typescript@5.7.3)
      typescript: 5.7.3
      unplugin: 2.2.0
    transitivePeerDependencies:
      - supports-color

  '@dashkite/amen-console@0.0.2':
    dependencies:
      chalk: 4.1.2

  '@dashkite/amen@0.2.2': {}

  '@dashkite/assert@0.1.4':
    dependencies:
      '@dashkite/joy': 0.3.16

  '@dashkite/genie-release@0.2.1':
    dependencies:
      '@dashkite/zephyr': 0.2.0
      zx: 8.6.1

  '@dashkite/joy@0.3.16': {}

  '@dashkite/zephyr@0.2.0':
    dependencies:
      '@dashkite/joy': 0.3.16
      js-yaml: 4.1.0

  '@jridgewell/resolve-uri@3.1.2': {}

  '@jridgewell/sourcemap-codec@1.5.0': {}

  '@jridgewell/trace-mapping@0.3.9':
    dependencies:
      '@jridgewell/resolve-uri': 3.1.2
      '@jridgewell/sourcemap-codec': 1.5.0

  '@swc/core-darwin-arm64@1.10.18':
    optional: true

  '@swc/core-darwin-x64@1.10.18':
    optional: true

  '@swc/core-linux-arm-gnueabihf@1.10.18':
    optional: true

  '@swc/core-linux-arm64-gnu@1.10.18':
    optional: true

  '@swc/core-linux-arm64-musl@1.10.18':
    optional: true

  '@swc/core-linux-x64-gnu@1.10.18':
    optional: true

  '@swc/core-linux-x64-musl@1.10.18':
    optional: true

  '@swc/core-win32-arm64-msvc@1.10.18':
    optional: true

  '@swc/core-win32-ia32-msvc@1.10.18':
    optional: true

  '@swc/core-win32-x64-msvc@1.10.18':
    optional: true

  '@swc/core@1.10.18':
    dependencies:
      '@swc/counter': 0.1.3
      '@swc/types': 0.1.17
    optionalDependencies:
      '@swc/core-darwin-arm64': 1.10.18
      '@swc/core-darwin-x64': 1.10.18
      '@swc/core-linux-arm-gnueabihf': 1.10.18
      '@swc/core-linux-arm64-gnu': 1.10.18
      '@swc/core-linux-arm64-musl': 1.10.18
      '@swc/core-linux-x64-gnu': 1.10.18
      '@swc/core-linux-x64-musl': 1.10.18
      '@swc/core-win32-arm64-msvc': 1.10.18
      '@swc/core-win32-ia32-msvc': 1.10.18
      '@swc/core-win32-x64-msvc': 1.10.18

  '@swc/counter@0.1.3': {}

  '@swc/types@0.1.17':
    dependencies:
      '@swc/counter': 0.1.3

  '@typescript/vfs@1.6.1(typescript@5.7.3)':
    dependencies:
      debug: 4.4.0
      typescript: 5.7.3
    transitivePeerDependencies:
      - supports-color

  acorn@8.14.0: {}

  ansi-styles@4.3.0:
    dependencies:
      color-convert: 2.0.1

  argparse@2.0.1: {}

  chalk@4.1.2:
    dependencies:
      ansi-styles: 4.3.0
      supports-color: 7.2.0

  color-convert@2.0.1:
    dependencies:
      color-name: 1.1.4

  color-name@1.1.4: {}

  debug@4.4.0:
    dependencies:
      ms: 2.1.3

  has-flag@4.0.0: {}

  js-yaml@4.1.0:
    dependencies:
      argparse: 2.0.1

  ms@2.1.3: {}

  supports-color@7.2.0:
    dependencies:
      has-flag: 4.0.0

  typescript@5.7.3: {}

  unplugin@2.2.0:
    dependencies:
      acorn: 8.14.0
      webpack-virtual-modules: 0.6.2

  webpack-virtual-modules@0.6.2: {}

  zx@8.6.1: {}
